// !$*UTF8*$!
{
	archiveVersion = 1;
	classes = {
	};
	objectVersion = 50;
	objects = {

/* Begin PBXBuildFile section */
		9808016020D7CA0200A3D6D0 /* UICollectionView+Custom.swift in Sources */ = {isa = PBXBuildFile; fileRef = 9808015F20D7CA0200A3D6D0 /* UICollectionView+Custom.swift */; };
		9808016220D7CABA00A3D6D0 /* String+Url.swift in Sources */ = {isa = PBXBuildFile; fileRef = 9808016120D7CABA00A3D6D0 /* String+Url.swift */; };
		989318E620D79835008C8381 /* AppDelegate.swift in Sources */ = {isa = PBXBuildFile; fileRef = 989318E520D79835008C8381 /* AppDelegate.swift */; };
		989318E820D79835008C8381 /* ViewController.swift in Sources */ = {isa = PBXBuildFile; fileRef = 989318E720D79835008C8381 /* ViewController.swift */; };
		989318EB20D79835008C8381 /* Main.storyboard in Resources */ = {isa = PBXBuildFile; fileRef = 989318E920D79835008C8381 /* Main.storyboard */; };
		989318ED20D79837008C8381 /* Assets.xcassets in Resources */ = {isa = PBXBuildFile; fileRef = 989318EC20D79837008C8381 /* Assets.xcassets */; };
		989318F020D79837008C8381 /* LaunchScreen.storyboard in Resources */ = {isa = PBXBuildFile; fileRef = 989318EE20D79837008C8381 /* LaunchScreen.storyboard */; };
		989318F920D79B73008C8381 /* Exhibit.swift in Sources */ = {isa = PBXBuildFile; fileRef = 989318F820D79B73008C8381 /* Exhibit.swift */; };
		989318FD20D79E84008C8381 /* IExhibitsLoader.swift in Sources */ = {isa = PBXBuildFile; fileRef = 989318FC20D79E84008C8381 /* IExhibitsLoader.swift */; };
		9893190120D79FEA008C8381 /* FileExhibitsLoader.swift in Sources */ = {isa = PBXBuildFile; fileRef = 9893190020D79FEA008C8381 /* FileExhibitsLoader.swift */; };
		9893190320D7A583008C8381 /* ExhibitResponse.swift in Sources */ = {isa = PBXBuildFile; fileRef = 9893190220D7A583008C8381 /* ExhibitResponse.swift */; };
		9893190920D7BCBD008C8381 /* ExhibitCell.swift in Sources */ = {isa = PBXBuildFile; fileRef = 9893190720D7BCBC008C8381 /* ExhibitCell.swift */; };
		9893190A20D7BCBD008C8381 /* ExhibitCell.xib in Resources */ = {isa = PBXBuildFile; fileRef = 9893190820D7BCBD008C8381 /* ExhibitCell.xib */; };
		9893191420D7BE7B008C8381 /* UITableView+UIRefreshControl.swift in Sources */ = {isa = PBXBuildFile; fileRef = 9893190C20D7BE7B008C8381 /* UITableView+UIRefreshControl.swift */; };
		9893191520D7BE7B008C8381 /* UITableView+DeleteInsertOptions.swift in Sources */ = {isa = PBXBuildFile; fileRef = 9893190D20D7BE7B008C8381 /* UITableView+DeleteInsertOptions.swift */; };
		9893191620D7BE7B008C8381 /* UITableView+DeleteOptions.swift in Sources */ = {isa = PBXBuildFile; fileRef = 9893190E20D7BE7B008C8381 /* UITableView+DeleteOptions.swift */; };
		9893191720D7BE7B008C8381 /* UITableView+MoveOptions.swift in Sources */ = {isa = PBXBuildFile; fileRef = 9893190F20D7BE7B008C8381 /* UITableView+MoveOptions.swift */; };
		9893191820D7BE7B008C8381 /* UITableView+VisibleLastCells.swift in Sources */ = {isa = PBXBuildFile; fileRef = 9893191020D7BE7B008C8381 /* UITableView+VisibleLastCells.swift */; };
		9893191920D7BE7B008C8381 /* UITableView+ScrollOptions.swift in Sources */ = {isa = PBXBuildFile; fileRef = 9893191120D7BE7B008C8381 /* UITableView+ScrollOptions.swift */; };
		9893191A20D7BE7B008C8381 /* UITableView+InsertOptions.swift in Sources */ = {isa = PBXBuildFile; fileRef = 9893191220D7BE7B008C8381 /* UITableView+InsertOptions.swift */; };
		9893191B20D7BE7B008C8381 /* UITableView+Custom.swift in Sources */ = {isa = PBXBuildFile; fileRef = 9893191320D7BE7B008C8381 /* UITableView+Custom.swift */; };
		9893191F20D7C758008C8381 /* ImageCell.swift in Sources */ = {isa = PBXBuildFile; fileRef = 9893191D20D7C758008C8381 /* ImageCell.swift */; };
		9893192020D7C758008C8381 /* ImageCell.xib in Resources */ = {isa = PBXBuildFile; fileRef = 9893191E20D7C758008C8381 /* ImageCell.xib */; };
		D109AA324E1512A51A5972D3 /* Pods_Test_Project.framework in Frameworks */ = {isa = PBXBuildFile; fileRef = C4B9C80E1A602E33D62A1B81 /* Pods_Test_Project.framework */; };
/* End PBXBuildFile section */

/* Begin PBXFileReference section */
		44527D47060F885F00A54B59 /* Pods-Test Project.release.xcconfig */ = {isa = PBXFileReference; includeInIndex = 1; lastKnownFileType = text.xcconfig; name = "Pods-Test Project.release.xcconfig"; path = "Pods/Target Support Files/Pods-Test Project/Pods-Test Project.release.xcconfig"; sourceTree = "<group>"; };
		9808015F20D7CA0200A3D6D0 /* UICollectionView+Custom.swift */ = {isa = PBXFileReference; fileEncoding = 4; lastKnownFileType = sourcecode.swift; path = "UICollectionView+Custom.swift"; sourceTree = "<group>"; };
		9808016120D7CABA00A3D6D0 /* String+Url.swift */ = {isa = PBXFileReference; fileEncoding = 4; lastKnownFileType = sourcecode.swift; path = "String+Url.swift"; sourceTree = "<group>"; };
		989318E220D79835008C8381 /* Test Project.app */ = {isa = PBXFileReference; explicitFileType = wrapper.application; includeInIndex = 0; path = "Test Project.app"; sourceTree = BUILT_PRODUCTS_DIR; };
		989318E520D79835008C8381 /* AppDelegate.swift */ = {isa = PBXFileReference; lastKnownFileType = sourcecode.swift; path = AppDelegate.swift; sourceTree = "<group>"; };
		989318E720D79835008C8381 /* ViewController.swift */ = {isa = PBXFileReference; lastKnownFileType = sourcecode.swift; path = ViewController.swift; sourceTree = "<group>"; };
		989318EA20D79835008C8381 /* Base */ = {isa = PBXFileReference; lastKnownFileType = file.storyboard; name = Base; path = Base.lproj/Main.storyboard; sourceTree = "<group>"; };
		989318EC20D79837008C8381 /* Assets.xcassets */ = {isa = PBXFileReference; lastKnownFileType = folder.assetcatalog; path = Assets.xcassets; sourceTree = "<group>"; };
		989318EF20D79837008C8381 /* Base */ = {isa = PBXFileReference; lastKnownFileType = file.storyboard; name = Base; path = Base.lproj/LaunchScreen.storyboard; sourceTree = "<group>"; };
		989318F120D79837008C8381 /* Info.plist */ = {isa = PBXFileReference; lastKnownFileType = text.plist.xml; path = Info.plist; sourceTree = "<group>"; };
		989318F820D79B73008C8381 /* Exhibit.swift */ = {isa = PBXFileReference; lastKnownFileType = sourcecode.swift; path = Exhibit.swift; sourceTree = "<group>"; };
		989318FC20D79E84008C8381 /* IExhibitsLoader.swift */ = {isa = PBXFileReference; lastKnownFileType = sourcecode.swift; path = IExhibitsLoader.swift; sourceTree = "<group>"; };
		9893190020D79FEA008C8381 /* FileExhibitsLoader.swift */ = {isa = PBXFileReference; lastKnownFileType = sourcecode.swift; path = FileExhibitsLoader.swift; sourceTree = "<group>"; };
		9893190220D7A583008C8381 /* ExhibitResponse.swift */ = {isa = PBXFileReference; lastKnownFileType = sourcecode.swift; path = ExhibitResponse.swift; sourceTree = "<group>"; };
		9893190720D7BCBC008C8381 /* ExhibitCell.swift */ = {isa = PBXFileReference; lastKnownFileType = sourcecode.swift; path = ExhibitCell.swift; sourceTree = "<group>"; };
		9893190820D7BCBD008C8381 /* ExhibitCell.xib */ = {isa = PBXFileReference; lastKnownFileType = file.xib; path = ExhibitCell.xib; sourceTree = "<group>"; };
		9893190C20D7BE7B008C8381 /* UITableView+UIRefreshControl.swift */ = {isa = PBXFileReference; fileEncoding = 4; lastKnownFileType = sourcecode.swift; path = "UITableView+UIRefreshControl.swift"; sourceTree = "<group>"; };
		9893190D20D7BE7B008C8381 /* UITableView+DeleteInsertOptions.swift */ = {isa = PBXFileReference; fileEncoding = 4; lastKnownFileType = sourcecode.swift; path = "UITableView+DeleteInsertOptions.swift"; sourceTree = "<group>"; };
		9893190E20D7BE7B008C8381 /* UITableView+DeleteOptions.swift */ = {isa = PBXFileReference; fileEncoding = 4; lastKnownFileType = sourcecode.swift; path = "UITableView+DeleteOptions.swift"; sourceTree = "<group>"; };
		9893190F20D7BE7B008C8381 /* UITableView+MoveOptions.swift */ = {isa = PBXFileReference; fileEncoding = 4; lastKnownFileType = sourcecode.swift; path = "UITableView+MoveOptions.swift"; sourceTree = "<group>"; };
		9893191020D7BE7B008C8381 /* UITableView+VisibleLastCells.swift */ = {isa = PBXFileReference; fileEncoding = 4; lastKnownFileType = sourcecode.swift; path = "UITableView+VisibleLastCells.swift"; sourceTree = "<group>"; };
		9893191120D7BE7B008C8381 /* UITableView+ScrollOptions.swift */ = {isa = PBXFileReference; fileEncoding = 4; lastKnownFileType = sourcecode.swift; path = "UITableView+ScrollOptions.swift"; sourceTree = "<group>"; };
		9893191220D7BE7B008C8381 /* UITableView+InsertOptions.swift */ = {isa = PBXFileReference; fileEncoding = 4; lastKnownFileType = sourcecode.swift; path = "UITableView+InsertOptions.swift"; sourceTree = "<group>"; };
		9893191320D7BE7B008C8381 /* UITableView+Custom.swift */ = {isa = PBXFileReference; fileEncoding = 4; lastKnownFileType = sourcecode.swift; path = "UITableView+Custom.swift"; sourceTree = "<group>"; };
		9893191D20D7C758008C8381 /* ImageCell.swift */ = {isa = PBXFileReference; lastKnownFileType = sourcecode.swift; path = ImageCell.swift; sourceTree = "<group>"; };
		9893191E20D7C758008C8381 /* ImageCell.xib */ = {isa = PBXFileReference; lastKnownFileType = file.xib; path = ImageCell.xib; sourceTree = "<group>"; };
		C4B9C80E1A602E33D62A1B81 /* Pods_Test_Project.framework */ = {isa = PBXFileReference; explicitFileType = wrapper.framework; includeInIndex = 0; path = Pods_Test_Project.framework; sourceTree = BUILT_PRODUCTS_DIR; };
		EBAF0CFBD2A3D73CC73AD90B /* Pods-Test Project.debug.xcconfig */ = {isa = PBXFileReference; includeInIndex = 1; lastKnownFileType = text.xcconfig; name = "Pods-Test Project.debug.xcconfig"; path = "Pods/Target Support Files/Pods-Test Project/Pods-Test Project.debug.xcconfig"; sourceTree = "<group>"; };
/* End PBXFileReference section */

/* Begin PBXFrameworksBuildPhase section */
		989318DF20D79835008C8381 /* Frameworks */ = {
			isa = PBXFrameworksBuildPhase;
			buildActionMask = 2147483647;
			files = (
				D109AA324E1512A51A5972D3 /* Pods_Test_Project.framework in Frameworks */,
			);
			runOnlyForDeploymentPostprocessing = 0;
		};
/* End PBXFrameworksBuildPhase section */

/* Begin PBXGroup section */
		2055AA28258F6B22569A25C3 /* Pods */ = {
			isa = PBXGroup;
			children = (
				EBAF0CFBD2A3D73CC73AD90B /* Pods-Test Project.debug.xcconfig */,
				44527D47060F885F00A54B59 /* Pods-Test Project.release.xcconfig */,
			);
			name = Pods;
			sourceTree = "<group>";
		};
		73FDAD19C26879536CD02E27 /* Frameworks */ = {
			isa = PBXGroup;
			children = (
				C4B9C80E1A602E33D62A1B81 /* Pods_Test_Project.framework */,
			);
			name = Frameworks;
			sourceTree = "<group>";
		};
		989318D920D79835008C8381 = {
			isa = PBXGroup;
			children = (
				989318E420D79835008C8381 /* Test Project */,
				989318E320D79835008C8381 /* Products */,
				2055AA28258F6B22569A25C3 /* Pods */,
				73FDAD19C26879536CD02E27 /* Frameworks */,
			);
			sourceTree = "<group>";
		};
		989318E320D79835008C8381 /* Products */ = {
			isa = PBXGroup;
			children = (
				989318E220D79835008C8381 /* Test Project.app */,
			);
			name = Products;
			sourceTree = "<group>";
		};
		989318E420D79835008C8381 /* Test Project */ = {
			isa = PBXGroup;
			children = (
				9893190520D7BC9F008C8381 /* Views */,
				989318E520D79835008C8381 /* AppDelegate.swift */,
				989318FE20D79FAC008C8381 /* Model */,
				989318FF20D79FB9008C8381 /* FileExhibitsLoader */,
				989318E720D79835008C8381 /* ViewController.swift */,
				989318E920D79835008C8381 /* Main.storyboard */,
				9893190420D7BC88008C8381 /* Extentions */,
				989318EC20D79837008C8381 /* Assets.xcassets */,
				989318EE20D79837008C8381 /* LaunchScreen.storyboard */,
				989318F120D79837008C8381 /* Info.plist */,
			);
			path = "Test Project";
			sourceTree = "<group>";
		};
		989318FE20D79FAC008C8381 /* Model */ = {
			isa = PBXGroup;
			children = (
				989318F820D79B73008C8381 /* Exhibit.swift */,
				989318FC20D79E84008C8381 /* IExhibitsLoader.swift */,
				9893190220D7A583008C8381 /* ExhibitResponse.swift */,
			);
			path = Model;
			sourceTree = "<group>";
		};
		989318FF20D79FB9008C8381 /* FileExhibitsLoader */ = {
			isa = PBXGroup;
			children = (
				9893190020D79FEA008C8381 /* FileExhibitsLoader.swift */,
			);
			path = FileExhibitsLoader;
			sourceTree = "<group>";
		};
		9893190420D7BC88008C8381 /* Extentions */ = {
			isa = PBXGroup;
			children = (
				9808015F20D7CA0200A3D6D0 /* UICollectionView+Custom.swift */,
				9808016120D7CABA00A3D6D0 /* String+Url.swift */,
				9893190B20D7BE7B008C8381 /* UITableView */,
			);
			path = Extentions;
			sourceTree = "<group>";
		};
		9893190520D7BC9F008C8381 /* Views */ = {
			isa = PBXGroup;
			children = (
				9893190620D7BCA4008C8381 /* Cells */,
			);
			path = Views;
			sourceTree = "<group>";
		};
		9893190620D7BCA4008C8381 /* Cells */ = {
			isa = PBXGroup;
			children = (
				9893190720D7BCBC008C8381 /* ExhibitCell.swift */,
				9893190820D7BCBD008C8381 /* ExhibitCell.xib */,
				9893191D20D7C758008C8381 /* ImageCell.swift */,
				9893191E20D7C758008C8381 /* ImageCell.xib */,
			);
			path = Cells;
			sourceTree = "<group>";
		};
		9893190B20D7BE7B008C8381 /* UITableView */ = {
			isa = PBXGroup;
			children = (
				9893190C20D7BE7B008C8381 /* UITableView+UIRefreshControl.swift */,
				9893190D20D7BE7B008C8381 /* UITableView+DeleteInsertOptions.swift */,
				9893190E20D7BE7B008C8381 /* UITableView+DeleteOptions.swift */,
				9893190F20D7BE7B008C8381 /* UITableView+MoveOptions.swift */,
				9893191020D7BE7B008C8381 /* UITableView+VisibleLastCells.swift */,
				9893191120D7BE7B008C8381 /* UITableView+ScrollOptions.swift */,
				9893191220D7BE7B008C8381 /* UITableView+InsertOptions.swift */,
				9893191320D7BE7B008C8381 /* UITableView+Custom.swift */,
			);
			path = UITableView;
			sourceTree = "<group>";
		};
/* End PBXGroup section */

/* Begin PBXNativeTarget section */
		989318E120D79835008C8381 /* Test Project */ = {
			isa = PBXNativeTarget;
			buildConfigurationList = 989318F420D79837008C8381 /* Build configuration list for PBXNativeTarget "Test Project" */;
			buildPhases = (
				A9B2525428BF9ACD61217EDC /* [CP] Check Pods Manifest.lock */,
				989318DE20D79835008C8381 /* Sources */,
				989318DF20D79835008C8381 /* Frameworks */,
				989318E020D79835008C8381 /* Resources */,
				6DB9910E91F4AAC585979410 /* [CP] Embed Pods Frameworks */,
			);
			buildRules = (
			);
			dependencies = (
			);
			name = "Test Project";
			productName = "Test Project";
			productReference = 989318E220D79835008C8381 /* Test Project.app */;
			productType = "com.apple.product-type.application";
		};
/* End PBXNativeTarget section */

/* Begin PBXProject section */
		989318DA20D79835008C8381 /* Project object */ = {
			isa = PBXProject;
			attributes = {
				LastSwiftUpdateCheck = 0930;
				LastUpgradeCheck = 0930;
				ORGANIZATIONNAME = Abdullah;
				TargetAttributes = {
					989318E120D79835008C8381 = {
						CreatedOnToolsVersion = 9.3;
					};
				};
			};
			buildConfigurationList = 989318DD20D79835008C8381 /* Build configuration list for PBXProject "Test Project" */;
			compatibilityVersion = "Xcode 9.3";
			developmentRegion = en;
			hasScannedForEncodings = 0;
			knownRegions = (
				en,
				Base,
			);
			mainGroup = 989318D920D79835008C8381;
			productRefGroup = 989318E320D79835008C8381 /* Products */;
			projectDirPath = "";
			projectRoot = "";
			targets = (
				989318E120D79835008C8381 /* Test Project */,
			);
		};
/* End PBXProject section */

/* Begin PBXResourcesBuildPhase section */
		989318E020D79835008C8381 /* Resources */ = {
			isa = PBXResourcesBuildPhase;
			buildActionMask = 2147483647;
			files = (
				989318F020D79837008C8381 /* LaunchScreen.storyboard in Resources */,
				9893190A20D7BCBD008C8381 /* ExhibitCell.xib in Resources */,
				989318ED20D79837008C8381 /* Assets.xcassets in Resources */,
				9893192020D7C758008C8381 /* ImageCell.xib in Resources */,
				989318EB20D79835008C8381 /* Main.storyboard in Resources */,
			);
			runOnlyForDeploymentPostprocessing = 0;
		};
/* End PBXResourcesBuildPhase section */

/* Begin PBXShellScriptBuildPhase section */
		6DB9910E91F4AAC585979410 /* [CP] Embed Pods Frameworks */ = {
			isa = PBXShellScriptBuildPhase;
			buildActionMask = 2147483647;
			files = (
			);
			inputPaths = (
				"${SRCROOT}/Pods/Target Support Files/Pods-Test Project/Pods-Test Project-frameworks.sh",
				"${BUILT_PRODUCTS_DIR}/Alamofire/Alamofire.framework",
				"${BUILT_PRODUCTS_DIR}/SDWebImage/SDWebImage.framework",
			);
			name = "[CP] Embed Pods Frameworks";
			outputPaths = (
				"${TARGET_BUILD_DIR}/${FRAMEWORKS_FOLDER_PATH}/Alamofire.framework",
				"${TARGET_BUILD_DIR}/${FRAMEWORKS_FOLDER_PATH}/SDWebImage.framework",
			);
			runOnlyForDeploymentPostprocessing = 0;
			shellPath = /bin/sh;
			shellScript = "\"${SRCROOT}/Pods/Target Support Files/Pods-Test Project/Pods-Test Project-frameworks.sh\"\n";
			showEnvVarsInLog = 0;
		};
		A9B2525428BF9ACD61217EDC /* [CP] Check Pods Manifest.lock */ = {
			isa = PBXShellScriptBuildPhase;
			buildActionMask = 2147483647;
			files = (
			);
			inputPaths = (
				"${PODS_PODFILE_DIR_PATH}/Podfile.lock",
				"${PODS_ROOT}/Manifest.lock",
			);
			name = "[CP] Check Pods Manifest.lock";
			outputPaths = (
				"$(DERIVED_FILE_DIR)/Pods-Test Project-checkManifestLockResult.txt",
			);
			runOnlyForDeploymentPostprocessing = 0;
			shellPath = /bin/sh;
			shellScript = "diff \"${PODS_PODFILE_DIR_PATH}/Podfile.lock\" \"${PODS_ROOT}/Manifest.lock\" > /dev/null\nif [ $? != 0 ] ; then\n    # print error to STDERR\n    echo \"error: The sandbox is not in sync with the Podfile.lock. Run 'pod install' or update your CocoaPods installation.\" >&2\n    exit 1\nfi\n# This output is used by Xcode 'outputs' to avoid re-running this script phase.\necho \"SUCCESS\" > \"${SCRIPT_OUTPUT_FILE_0}\"\n";
			showEnvVarsInLog = 0;
		};
/* End PBXShellScriptBuildPhase section */

/* Begin PBXSourcesBuildPhase section */
		989318DE20D79835008C8381 /* Sources */ = {
			isa = PBXSourcesBuildPhase;
			buildActionMask = 2147483647;
			files = (
				9808016220D7CABA00A3D6D0 /* String+Url.swift in Sources */,
				9893191520D7BE7B008C8381 /* UITableView+DeleteInsertOptions.swift in Sources */,
				9893191720D7BE7B008C8381 /* UITableView+MoveOptions.swift in Sources */,
				9893191620D7BE7B008C8381 /* UITableView+DeleteOptions.swift in Sources */,
				9893191920D7BE7B008C8381 /* UITableView+ScrollOptions.swift in Sources */,
				9893191B20D7BE7B008C8381 /* UITableView+Custom.swift in Sources */,
				989318FD20D79E84008C8381 /* IExhibitsLoader.swift in Sources */,
				989318E820D79835008C8381 /* ViewController.swift in Sources */,
				989318F920D79B73008C8381 /* Exhibit.swift in Sources */,
				9893191820D7BE7B008C8381 /* UITableView+VisibleLastCells.swift in Sources */,
				9893191420D7BE7B008C8381 /* UITableView+UIRefreshControl.swift in Sources */,
				9808016020D7CA0200A3D6D0 /* UICollectionView+Custom.swift in Sources */,
				9893191A20D7BE7B008C8381 /* UITableView+InsertOptions.swift in Sources */,
				989318E620D79835008C8381 /* AppDelegate.swift in Sources */,
				9893190920D7BCBD008C8381 /* ExhibitCell.swift in Sources */,
				9893191F20D7C758008C8381 /* ImageCell.swift in Sources */,
				9893190320D7A583008C8381 /* ExhibitResponse.swift in Sources */,
				9893190120D79FEA008C8381 /* FileExhibitsLoader.swift in Sources */,
			);
			runOnlyForDeploymentPostprocessing = 0;
		};
/* End PBXSourcesBuildPhase section */

/* Begin PBXVariantGroup section */
		989318E920D79835008C8381 /* Main.storyboard */ = {
			isa = PBXVariantGroup;
			children = (
				989318EA20D79835008C8381 /* Base */,
			);
			name = Main.storyboard;
			sourceTree = "<group>";
		};
		989318EE20D79837008C8381 /* LaunchScreen.storyboard */ = {
			isa = PBXVariantGroup;
			children = (
				989318EF20D79837008C8381 /* Base */,
			);
			name = LaunchScreen.storyboard;
			sourceTree = "<group>";
		};
/* End PBXVariantGroup section */

/* Begin XCBuildConfiguration section */
		989318F220D79837008C8381 /* Debug */ = {
			isa = XCBuildConfiguration;
			buildSettings = {
				ALWAYS_SEARCH_USER_PATHS = NO;
				CLANG_ANALYZER_NONNULL = YES;
				CLANG_ANALYZER_NUMBER_OBJECT_CONVERSION = YES_AGGRESSIVE;
				CLANG_CXX_LANGUAGE_STANDARD = "gnu++14";
				CLANG_CXX_LIBRARY = "libc++";
				CLANG_ENABLE_MODULES = YES;
				CLANG_ENABLE_OBJC_ARC = YES;
				CLANG_ENABLE_OBJC_WEAK = YES;
				CLANG_WARN_BLOCK_CAPTURE_AUTORELEASING = YES;
				CLANG_WARN_BOOL_CONVERSION = YES;
				CLANG_WARN_COMMA = YES;
				CLANG_WARN_CONSTANT_CONVERSION = YES;
				CLANG_WARN_DEPRECATED_OBJC_IMPLEMENTATIONS = YES;
				CLANG_WARN_DIRECT_OBJC_ISA_USAGE = YES_ERROR;
				CLANG_WARN_DOCUMENTATION_COMMENTS = YES;
				CLANG_WARN_EMPTY_BODY = YES;
				CLANG_WARN_ENUM_CONVERSION = YES;
				CLANG_WARN_INFINITE_RECURSION = YES;
				CLANG_WARN_INT_CONVERSION = YES;
				CLANG_WARN_NON_LITERAL_NULL_CONVERSION = YES;
				CLANG_WARN_OBJC_IMPLICIT_RETAIN_SELF = YES;
				CLANG_WARN_OBJC_LITERAL_CONVERSION = YES;
				CLANG_WARN_OBJC_ROOT_CLASS = YES_ERROR;
				CLANG_WARN_RANGE_LOOP_ANALYSIS = YES;
				CLANG_WARN_STRICT_PROTOTYPES = YES;
				CLANG_WARN_SUSPICIOUS_MOVE = YES;
				CLANG_WARN_UNGUARDED_AVAILABILITY = YES_AGGRESSIVE;
				CLANG_WARN_UNREACHABLE_CODE = YES;
				CLANG_WARN__DUPLICATE_METHOD_MATCH = YES;
				CODE_SIGN_IDENTITY = "iPhone Developer";
				COPY_PHASE_STRIP = NO;
				DEBUG_INFORMATION_FORMAT = dwarf;
				ENABLE_STRICT_OBJC_MSGSEND = YES;
				ENABLE_TESTABILITY = YES;
				GCC_C_LANGUAGE_STANDARD = gnu11;
				GCC_DYNAMIC_NO_PIC = NO;
				GCC_NO_COMMON_BLOCKS = YES;
				GCC_OPTIMIZATION_LEVEL = 0;
				GCC_PREPROCESSOR_DEFINITIONS = (
					"DEBUG=1",
					"$(inherited)",
				);
				GCC_WARN_64_TO_32_BIT_CONVERSION = YES;
				GCC_WARN_ABOUT_RETURN_TYPE = YES_ERROR;
				GCC_WARN_UNDECLARED_SELECTOR = YES;
				GCC_WARN_UNINITIALIZED_AUTOS = YES_AGGRESSIVE;
				GCC_WARN_UNUSED_FUNCTION = YES;
				GCC_WARN_UNUSED_VARIABLE = YES;
				IPHONEOS_DEPLOYMENT_TARGET = 11.3;
				MTL_ENABLE_DEBUG_INFO = YES;
				ONLY_ACTIVE_ARCH = YES;
				SDKROOT = iphoneos;
				SWIFT_ACTIVE_COMPILATION_CONDITIONS = DEBUG;
				SWIFT_OPTIMIZATION_LEVEL = "-Onone";
			};
			name = Debug;
		};
		989318F320D79837008C8381 /* Release */ = {
			isa = XCBuildConfiguration;
			buildSettings = {
				ALWAYS_SEARCH_USER_PATHS = NO;
				CLANG_ANALYZER_NONNULL = YES;
				CLANG_ANALYZER_NUMBER_OBJECT_CONVERSION = YES_AGGRESSIVE;
				CLANG_CXX_LANGUAGE_STANDARD = "gnu++14";
				CLANG_CXX_LIBRARY = "libc++";
				CLANG_ENABLE_MODULES = YES;
				CLANG_ENABLE_OBJC_ARC = YES;
				CLANG_ENABLE_OBJC_WEAK = YES;
				CLANG_WARN_BLOCK_CAPTURE_AUTORELEASING = YES;
				CLANG_WARN_BOOL_CONVERSION = YES;
				CLANG_WARN_COMMA = YES;
				CLANG_WARN_CONSTANT_CONVERSION = YES;
				CLANG_WARN_DEPRECATED_OBJC_IMPLEMENTATIONS = YES;
				CLANG_WARN_DIRECT_OBJC_ISA_USAGE = YES_ERROR;
				CLANG_WARN_DOCUMENTATION_COMMENTS = YES;
				CLANG_WARN_EMPTY_BODY = YES;
				CLANG_WARN_ENUM_CONVERSION = YES;
				CLANG_WARN_INFINITE_RECURSION = YES;
				CLANG_WARN_INT_CONVERSION = YES;
				CLANG_WARN_NON_LITERAL_NULL_CONVERSION = YES;
				CLANG_WARN_OBJC_IMPLICIT_RETAIN_SELF = YES;
				CLANG_WARN_OBJC_LITERAL_CONVERSION = YES;
				CLANG_WARN_OBJC_ROOT_CLASS = YES_ERROR;
				CLANG_WARN_RANGE_LOOP_ANALYSIS = YES;
				CLANG_WARN_STRICT_PROTOTYPES = YES;
				CLANG_WARN_SUSPICIOUS_MOVE = YES;
				CLANG_WARN_UNGUARDED_AVAILABILITY = YES_AGGRESSIVE;
				CLANG_WARN_UNREACHABLE_CODE = YES;
				CLANG_WARN__DUPLICATE_METHOD_MATCH = YES;
				CODE_SIGN_IDENTITY = "iPhone Developer";
				COPY_PHASE_STRIP = NO;
				DEBUG_INFORMATION_FORMAT = "dwarf-with-dsym";
				ENABLE_NS_ASSERTIONS = NO;
				ENABLE_STRICT_OBJC_MSGSEND = YES;
				GCC_C_LANGUAGE_STANDARD = gnu11;
				GCC_NO_COMMON_BLOCKS = YES;
				GCC_WARN_64_TO_32_BIT_CONVERSION = YES;
				GCC_WARN_ABOUT_RETURN_TYPE = YES_ERROR;
				GCC_WARN_UNDECLARED_SELECTOR = YES;
				GCC_WARN_UNINITIALIZED_AUTOS = YES_AGGRESSIVE;
				GCC_WARN_UNUSED_FUNCTION = YES;
				GCC_WARN_UNUSED_VARIABLE = YES;
				IPHONEOS_DEPLOYMENT_TARGET = 11.3;
				MTL_ENABLE_DEBUG_INFO = NO;
				SDKROOT = iphoneos;
				SWIFT_COMPILATION_MODE = wholemodule;
				SWIFT_OPTIMIZATION_LEVEL = "-O";
				VALIDATE_PRODUCT = YES;
			};
			name = Release;
		};
		989318F520D79837008C8381 /* Debug */ = {
			isa = XCBuildConfiguration;
			baseConfigurationReference = EBAF0CFBD2A3D73CC73AD90B /* Pods-Test Project.debug.xcconfig */;
			buildSettings = {
				ASSETCATALOG_COMPILER_APPICON_NAME = AppIcon;
				CODE_SIGN_STYLE = Automatic;
				DEVELOPMENT_TEAM = 6RYGR6EVKS;
				INFOPLIST_FILE = "Test Project/Info.plist";
				LD_RUNPATH_SEARCH_PATHS = (
					"$(inherited)",
					"@executable_path/Frameworks",
				);
				PRODUCT_BUNDLE_IDENTIFIER = "Obarg.Test-Project";
				PRODUCT_NAME = "$(TARGET_NAME)";
				SWIFT_VERSION = 4.0;
				TARGETED_DEVICE_FAMILY = "1,2";
			};
			name = Debug;
		};
		989318F620D79837008C8381 /* Release */ = {
			isa = XCBuildConfiguration;
			baseConfigurationReference = 44527D47060F885F00A54B59 /* Pods-Test Project.release.xcconfig */;
			buildSettings = {
				ASSETCATALOG_COMPILER_APPICON_NAME = AppIcon;
				CODE_SIGN_STYLE = Automatic;
				DEVELOPMENT_TEAM = 6RYGR6EVKS;
				INFOPLIST_FILE = "Test Project/Info.plist";
				LD_RUNPATH_SEARCH_PATHS = (
					"$(inherited)",
					"@executable_path/Frameworks",
				);
				PRODUCT_BUNDLE_IDENTIFIER = "Obarg.Test-Project";
				PRODUCT_NAME = "$(TARGET_NAME)";
				SWIFT_VERSION = 4.0;
				TARGETED_DEVICE_FAMILY = "1,2";
			};
			name = Release;
		};
/* End XCBuildConfiguration section */

/* Begin XCConfigurationList section */
		989318DD20D79835008C8381 /* Build configuration list for PBXProject "Test Project" */ = {
			isa = XCConfigurationList;
			buildConfigurations = (
				989318F220D79837008C8381 /* Debug */,
				989318F320D79837008C8381 /* Release */,
			);
			defaultConfigurationIsVisible = 0;
			defaultConfigurationName = Release;
		};
		989318F420D79837008C8381 /* Build configuration list for PBXNativeTarget "Test Project" */ = {
			isa = XCConfigurationList;
			buildConfigurations = (
				989318F520D79837008C8381 /* Debug */,
				989318F620D79837008C8381 /* Release */,
			);
			defaultConfigurationIsVisible = 0;
			defaultConfigurationName = Release;
		};
/* End XCConfigurationList section */
	};
	rootObject = 989318DA20D79835008C8381 /* Project object */;
}
